{
  "object": {
    "pins": [
      {
        "package": "ISO639",
        "repositoryURL": "https://github.com/SwiftPackageRepository/ISO639.swift.git",
        "state": {
          "branch": null,
          "revision": "92cb77c9b0da6ec1d9ad5fd8043257c90ccc0a65",
          "version": null
        }
      }
    ]
  },
  "version": 1
}
