// !$*UTF8*$!
{
	archiveVersion = 1;
	classes = {
	};
	objectVersion = 55;
	objects = {

/* Begin PBXBuildFile section */
		15A98FB227889BBF00EDAED4 /* LanguageListExampleApp.swift in Sources */ = {isa = PBXBuildFile; fileRef = 15A98FA227889BBD00EDAED4 /* LanguageListExampleApp.swift */; };
		15A98FB327889BBF00EDAED4 /* LanguageListExampleApp.swift in Sources */ = {isa = PBXBuildFile; fileRef = 15A98FA227889BBD00EDAED4 /* LanguageListExampleApp.swift */; };
		15A98FB427889BBF00EDAED4 /* ContentView.swift in Sources */ = {isa = PBXBuildFile; fileRef = 15A98FA327889BBD00EDAED4 /* ContentView.swift */; };
		15A98FB527889BBF00EDAED4 /* ContentView.swift in Sources */ = {isa = PBXBuildFile; fileRef = 15A98FA327889BBD00EDAED4 /* ContentView.swift */; };
		15A98FB627889BBF00EDAED4 /* Assets.xcassets in Resources */ = {isa = PBXBuildFile; fileRef = 15A98FA427889BBF00EDAED4 /* Assets.xcassets */; };
		15A98FB727889BBF00EDAED4 /* Assets.xcassets in Resources */ = {isa = PBXBuildFile; fileRef = 15A98FA427889BBF00EDAED4 /* Assets.xcassets */; };
		15A98FC327889D0800EDAED4 /* LanguageList in Frameworks */ = {isa = PBXBuildFile; productRef = 15A98FC227889D0800EDAED4 /* LanguageList */; };
		15A98FC527889D0C00EDAED4 /* LanguageList in Frameworks */ = {isa = PBXBuildFile; productRef = 15A98FC427889D0C00EDAED4 /* LanguageList */; };
/* End PBXBuildFile section */

/* Begin PBXFileReference section */
		154AEF2527A84E1700EBF106 /* Info.plist */ = {isa = PBXFileReference; lastKnownFileType = text.plist.xml; path = Info.plist; sourceTree = "<group>"; };
		154AEF2727A84EAF00EBF106 /* Info.plist */ = {isa = PBXFileReference; lastKnownFileType = text.plist.xml; path = Info.plist; sourceTree = "<group>"; };
		15A98FA227889BBD00EDAED4 /* LanguageListExampleApp.swift */ = {isa = PBXFileReference; lastKnownFileType = sourcecode.swift; path = LanguageListExampleApp.swift; sourceTree = "<group>"; };
		15A98FA327889BBD00EDAED4 /* ContentView.swift */ = {isa = PBXFileReference; lastKnownFileType = sourcecode.swift; path = ContentView.swift; sourceTree = "<group>"; };
		15A98FA427889BBF00EDAED4 /* Assets.xcassets */ = {isa = PBXFileReference; lastKnownFileType = folder.assetcatalog; path = Assets.xcassets; sourceTree = "<group>"; };
		15A98FA927889BBF00EDAED4 /* LanguageListExample.app */ = {isa = PBXFileReference; explicitFileType = wrapper.application; includeInIndex = 0; path = LanguageListExample.app; sourceTree = BUILT_PRODUCTS_DIR; };
		15A98FAF27889BBF00EDAED4 /* LanguageListExample.app */ = {isa = PBXFileReference; explicitFileType = wrapper.application; includeInIndex = 0; path = LanguageListExample.app; sourceTree = BUILT_PRODUCTS_DIR; };
		15A98FB127889BBF00EDAED4 /* macOS.entitlements */ = {isa = PBXFileReference; lastKnownFileType = text.plist.entitlements; path = macOS.entitlements; sourceTree = "<group>"; };
		15A98FC027889BE900EDAED4 /* LanguageList.swift */ = {isa = PBXFileReference; lastKnownFileType = wrapper; name = LanguageList.swift; path = ../..; sourceTree = "<group>"; };
/* End PBXFileReference section */

/* Begin PBXFrameworksBuildPhase section */
		15A98FA627889BBF00EDAED4 /* Frameworks */ = {
			isa = PBXFrameworksBuildPhase;
			buildActionMask = 2147483647;
			files = (
				15A98FC327889D0800EDAED4 /* LanguageList in Frameworks */,
			);
			runOnlyForDeploymentPostprocessing = 0;
		};
		15A98FAC27889BBF00EDAED4 /* Frameworks */ = {
			isa = PBXFrameworksBuildPhase;
			buildActionMask = 2147483647;
			files = (
				15A98FC527889D0C00EDAED4 /* LanguageList in Frameworks */,
			);
			runOnlyForDeploymentPostprocessing = 0;
		};
/* End PBXFrameworksBuildPhase section */

/* Begin PBXGroup section */
		154AEF2627A84E3B00EBF106 /* iOS */ = {
			isa = PBXGroup;
			children = (
				154AEF2527A84E1700EBF106 /* Info.plist */,
			);
			path = iOS;
			sourceTree = "<group>";
		};
		15A98F9C27889BBD00EDAED4 = {
			isa = PBXGroup;
			children = (
				15A98FC027889BE900EDAED4 /* LanguageList.swift */,
				15A98FA127889BBD00EDAED4 /* Shared */,
				154AEF2627A84E3B00EBF106 /* iOS */,
				15A98FB027889BBF00EDAED4 /* macOS */,
				15A98FAA27889BBF00EDAED4 /* Products */,
				15A98FC127889D0800EDAED4 /* Frameworks */,
			);
			sourceTree = "<group>";
		};
		15A98FA127889BBD00EDAED4 /* Shared */ = {
			isa = PBXGroup;
			children = (
				15A98FA227889BBD00EDAED4 /* LanguageListExampleApp.swift */,
				15A98FA327889BBD00EDAED4 /* ContentView.swift */,
				15A98FA427889BBF00EDAED4 /* Assets.xcassets */,
			);
			path = Shared;
			sourceTree = "<group>";
		};
		15A98FAA27889BBF00EDAED4 /* Products */ = {
			isa = PBXGroup;
			children = (
				15A98FA927889BBF00EDAED4 /* LanguageListExample.app */,
				15A98FAF27889BBF00EDAED4 /* LanguageListExample.app */,
			);
			name = Products;
			sourceTree = "<group>";
		};
		15A98FB027889BBF00EDAED4 /* macOS */ = {
			isa = PBXGroup;
			children = (
				154AEF2727A84EAF00EBF106 /* Info.plist */,
				15A98FB127889BBF00EDAED4 /* macOS.entitlements */,
			);
			path = macOS;
			sourceTree = "<group>";
		};
		15A98FC127889D0800EDAED4 /* Frameworks */ = {
			isa = PBXGroup;
			children = (
			);
			name = Frameworks;
			sourceTree = "<group>";
		};
/* End PBXGroup section */

/* Begin PBXNativeTarget section */
		15A98FA827889BBF00EDAED4 /* LanguageListExample (iOS) */ = {
			isa = PBXNativeTarget;
			buildConfigurationList = 15A98FBA27889BBF00EDAED4 /* Build configuration list for PBXNativeTarget "LanguageListExample (iOS)" */;
			buildPhases = (
				15A98FA527889BBF00EDAED4 /* Sources */,
				15A98FA627889BBF00EDAED4 /* Frameworks */,
				15A98FA727889BBF00EDAED4 /* Resources */,
			);
			buildRules = (
			);
			dependencies = (
			);
			name = "LanguageListExample (iOS)";
			packageProductDependencies = (
				15A98FC227889D0800EDAED4 /* LanguageList */,
			);
			productName = "LanguageListExample (iOS)";
			productReference = 15A98FA927889BBF00EDAED4 /* LanguageListExample.app */;
			productType = "com.apple.product-type.application";
		};
		15A98FAE27889BBF00EDAED4 /* LanguageListExample (macOS) */ = {
			isa = PBXNativeTarget;
			buildConfigurationList = 15A98FBD27889BBF00EDAED4 /* Build configuration list for PBXNativeTarget "LanguageListExample (macOS)" */;
			buildPhases = (
				15A98FAB27889BBF00EDAED4 /* Sources */,
				15A98FAC27889BBF00EDAED4 /* Frameworks */,
				15A98FAD27889BBF00EDAED4 /* Resources */,
			);
			buildRules = (
			);
			dependencies = (
			);
			name = "LanguageListExample (macOS)";
			packageProductDependencies = (
				15A98FC427889D0C00EDAED4 /* LanguageList */,
			);
			productName = "LanguageListExample (macOS)";
			productReference = 15A98FAF27889BBF00EDAED4 /* LanguageListExample.app */;
			productType = "com.apple.product-type.application";
		};
/* End PBXNativeTarget section */

/* Begin PBXProject section */
		15A98F9D27889BBD00EDAED4 /* Project object */ = {
			isa = PBXProject;
			attributes = {
				BuildIndependentTargetsInParallel = 1;
				LastSwiftUpdateCheck = 1320;
				LastUpgradeCheck = 1320;
				TargetAttributes = {
					15A98FA827889BBF00EDAED4 = {
						CreatedOnToolsVersion = 13.2.1;
					};
					15A98FAE27889BBF00EDAED4 = {
						CreatedOnToolsVersion = 13.2.1;
					};
				};
			};
			buildConfigurationList = 15A98FA027889BBD00EDAED4 /* Build configuration list for PBXProject "LanguageListExample" */;
			compatibilityVersion = "Xcode 13.0";
			developmentRegion = en;
			hasScannedForEncodings = 0;
			knownRegions = (
				en,
				Base,
				de,
				"zh-Hans",
			);
			mainGroup = 15A98F9C27889BBD00EDAED4;
			productRefGroup = 15A98FAA27889BBF00EDAED4 /* Products */;
			projectDirPath = "";
			projectRoot = "";
			targets = (
				15A98FA827889BBF00EDAED4 /* LanguageListExample (iOS) */,
				15A98FAE27889BBF00EDAED4 /* LanguageListExample (macOS) */,
			);
		};
/* End PBXProject section */

/* Begin PBXResourcesBuildPhase section */
		15A98FA727889BBF00EDAED4 /* Resources */ = {
			isa = PBXResourcesBuildPhase;
			buildActionMask = 2147483647;
			files = (
				15A98FB627889BBF00EDAED4 /* Assets.xcassets in Resources */,
			);
			runOnlyForDeploymentPostprocessing = 0;
		};
		15A98FAD27889BBF00EDAED4 /* Resources */ = {
			isa = PBXResourcesBuildPhase;
			buildActionMask = 2147483647;
			files = (
				15A98FB727889BBF00EDAED4 /* Assets.xcassets in Resources */,
			);
			runOnlyForDeploymentPostprocessing = 0;
		};
/* End PBXResourcesBuildPhase section */

/* Begin PBXSourcesBuildPhase section */
		15A98FA527889BBF00EDAED4 /* Sources */ = {
			isa = PBXSourcesBuildPhase;
			buildActionMask = 2147483647;
			files = (
				15A98FB427889BBF00EDAED4 /* ContentView.swift in Sources */,
				15A98FB227889BBF00EDAED4 /* LanguageListExampleApp.swift in Sources */,
			);
			runOnlyForDeploymentPostprocessing = 0;
		};
		15A98FAB27889BBF00EDAED4 /* Sources */ = {
			isa = PBXSourcesBuildPhase;
			buildActionMask = 2147483647;
			files = (
				15A98FB527889BBF00EDAED4 /* ContentView.swift in Sources */,
				15A98FB327889BBF00EDAED4 /* LanguageListExampleApp.swift in Sources */,
			);
			runOnlyForDeploymentPostprocessing = 0;
		};
/* End PBXSourcesBuildPhase section */

/* Begin XCBuildConfiguration section */
		15A98FB827889BBF00EDAED4 /* Debug */ = {
			isa = XCBuildConfiguration;
			buildSettings = {
				ALWAYS_SEARCH_USER_PATHS = NO;
				CLANG_ANALYZER_NONNULL = YES;
				CLANG_ANALYZER_NUMBER_OBJECT_CONVERSION = YES_AGGRESSIVE;
				CLANG_CXX_LANGUAGE_STANDARD = "gnu++17";
				CLANG_CXX_LIBRARY = "libc++";
				CLANG_ENABLE_MODULES = YES;
				CLANG_ENABLE_OBJC_ARC = YES;
				CLANG_ENABLE_OBJC_WEAK = YES;
				CLANG_WARN_BLOCK_CAPTURE_AUTORELEASING = YES;
				CLANG_WARN_BOOL_CONVERSION = YES;
				CLANG_WARN_COMMA = YES;
				CLANG_WARN_CONSTANT_CONVERSION = YES;
				CLANG_WARN_DEPRECATED_OBJC_IMPLEMENTATIONS = YES;
				CLANG_WARN_DIRECT_OBJC_ISA_USAGE = YES_ERROR;
				CLANG_WARN_DOCUMENTATION_COMMENTS = YES;
				CLANG_WARN_EMPTY_BODY = YES;
				CLANG_WARN_ENUM_CONVERSION = YES;
				CLANG_WARN_INFINITE_RECURSION = YES;
				CLANG_WARN_INT_CONVERSION = YES;
				CLANG_WARN_NON_LITERAL_NULL_CONVERSION = YES;
				CLANG_WARN_OBJC_IMPLICIT_RETAIN_SELF = YES;
				CLANG_WARN_OBJC_LITERAL_CONVERSION = YES;
				CLANG_WARN_OBJC_ROOT_CLASS = YES_ERROR;
				CLANG_WARN_QUOTED_INCLUDE_IN_FRAMEWORK_HEADER = YES;
				CLANG_WARN_RANGE_LOOP_ANALYSIS = YES;
				CLANG_WARN_STRICT_PROTOTYPES = YES;
				CLANG_WARN_SUSPICIOUS_MOVE = YES;
				CLANG_WARN_UNGUARDED_AVAILABILITY = YES_AGGRESSIVE;
				CLANG_WARN_UNREACHABLE_CODE = YES;
				CLANG_WARN__DUPLICATE_METHOD_MATCH = YES;
				COPY_PHASE_STRIP = NO;
				DEBUG_INFORMATION_FORMAT = dwarf;
				ENABLE_STRICT_OBJC_MSGSEND = YES;
				ENABLE_TESTABILITY = YES;
				GCC_C_LANGUAGE_STANDARD = gnu11;
				GCC_DYNAMIC_NO_PIC = NO;
				GCC_NO_COMMON_BLOCKS = YES;
				GCC_OPTIMIZATION_LEVEL = 0;
				GCC_PREPROCESSOR_DEFINITIONS = (
					"DEBUG=1",
					"$(inherited)",
				);
				GCC_WARN_64_TO_32_BIT_CONVERSION = YES;
				GCC_WARN_ABOUT_RETURN_TYPE = YES_ERROR;
				GCC_WARN_UNDECLARED_SELECTOR = YES;
				GCC_WARN_UNINITIALIZED_AUTOS = YES_AGGRESSIVE;
				GCC_WARN_UNUSED_FUNCTION = YES;
				GCC_WARN_UNUSED_VARIABLE = YES;
				MTL_ENABLE_DEBUG_INFO = INCLUDE_SOURCE;
				MTL_FAST_MATH = YES;
				ONLY_ACTIVE_ARCH = YES;
				SWIFT_ACTIVE_COMPILATION_CONDITIONS = DEBUG;
				SWIFT_OPTIMIZATION_LEVEL = "-Onone";
			};
			name = Debug;
		};
		15A98FB927889BBF00EDAED4 /* Release */ = {
			isa = XCBuildConfiguration;
			buildSettings = {
				ALWAYS_SEARCH_USER_PATHS = NO;
				CLANG_ANALYZER_NONNULL = YES;
				CLANG_ANALYZER_NUMBER_OBJECT_CONVERSION = YES_AGGRESSIVE;
				CLANG_CXX_LANGUAGE_STANDARD = "gnu++17";
				CLANG_CXX_LIBRARY = "libc++";
				CLANG_ENABLE_MODULES = YES;
				CLANG_ENABLE_OBJC_ARC = YES;
				CLANG_ENABLE_OBJC_WEAK = YES;
				CLANG_WARN_BLOCK_CAPTURE_AUTORELEASING = YES;
				CLANG_WARN_BOOL_CONVERSION = YES;
				CLANG_WARN_COMMA = YES;
				CLANG_WARN_CONSTANT_CONVERSION = YES;
				CLANG_WARN_DEPRECATED_OBJC_IMPLEMENTATIONS = YES;
				CLANG_WARN_DIRECT_OBJC_ISA_USAGE = YES_ERROR;
				CLANG_WARN_DOCUMENTATION_COMMENTS = YES;
				CLANG_WARN_EMPTY_BODY = YES;
				CLANG_WARN_ENUM_CONVERSION = YES;
				CLANG_WARN_INFINITE_RECURSION = YES;
				CLANG_WARN_INT_CONVERSION = YES;
				CLANG_WARN_NON_LITERAL_NULL_CONVERSION = YES;
				CLANG_WARN_OBJC_IMPLICIT_RETAIN_SELF = YES;
				CLANG_WARN_OBJC_LITERAL_CONVERSION = YES;
				CLANG_WARN_OBJC_ROOT_CLASS = YES_ERROR;
				CLANG_WARN_QUOTED_INCLUDE_IN_FRAMEWORK_HEADER = YES;
				CLANG_WARN_RANGE_LOOP_ANALYSIS = YES;
				CLANG_WARN_STRICT_PROTOTYPES = YES;
				CLANG_WARN_SUSPICIOUS_MOVE = YES;
				CLANG_WARN_UNGUARDED_AVAILABILITY = YES_AGGRESSIVE;
				CLANG_WARN_UNREACHABLE_CODE = YES;
				CLANG_WARN__DUPLICATE_METHOD_MATCH = YES;
				COPY_PHASE_STRIP = NO;
				DEBUG_INFORMATION_FORMAT = "dwarf-with-dsym";
				ENABLE_NS_ASSERTIONS = NO;
				ENABLE_STRICT_OBJC_MSGSEND = YES;
				GCC_C_LANGUAGE_STANDARD = gnu11;
				GCC_NO_COMMON_BLOCKS = YES;
				GCC_WARN_64_TO_32_BIT_CONVERSION = YES;
				GCC_WARN_ABOUT_RETURN_TYPE = YES_ERROR;
				GCC_WARN_UNDECLARED_SELECTOR = YES;
				GCC_WARN_UNINITIALIZED_AUTOS = YES_AGGRESSIVE;
				GCC_WARN_UNUSED_FUNCTION = YES;
				GCC_WARN_UNUSED_VARIABLE = YES;
				MTL_ENABLE_DEBUG_INFO = NO;
				MTL_FAST_MATH = YES;
				SWIFT_COMPILATION_MODE = wholemodule;
				SWIFT_OPTIMIZATION_LEVEL = "-O";
			};
			name = Release;
		};
		15A98FBB27889BBF00EDAED4 /* Debug */ = {
			isa = XCBuildConfiguration;
			buildSettings = {
				ASSETCATALOG_COMPILER_APPICON_NAME = AppIcon;
				ASSETCATALOG_COMPILER_GLOBAL_ACCENT_COLOR_NAME = AccentColor;
				CODE_SIGN_STYLE = Automatic;
				CURRENT_PROJECT_VERSION = 1;
				ENABLE_PREVIEWS = YES;
				GENERATE_INFOPLIST_FILE = YES;
				INFOPLIST_FILE = iOS/Info.plist;
				INFOPLIST_KEY_UIApplicationSceneManifest_Generation = YES;
				INFOPLIST_KEY_UIApplicationSupportsIndirectInputEvents = YES;
				INFOPLIST_KEY_UILaunchScreen_Generation = YES;
				INFOPLIST_KEY_UISupportedInterfaceOrientations_iPad = "UIInterfaceOrientationPortrait UIInterfaceOrientationPortraitUpsideDown UIInterfaceOrientationLandscapeLeft UIInterfaceOrientationLandscapeRight";
				INFOPLIST_KEY_UISupportedInterfaceOrientations_iPhone = "UIInterfaceOrientationPortrait UIInterfaceOrientationLandscapeLeft UIInterfaceOrientationLandscapeRight";
				IPHONEOS_DEPLOYMENT_TARGET = 15.2;
				LD_RUNPATH_SEARCH_PATHS = (
					"$(inherited)",
					"@executable_path/Frameworks",
				);
				MARKETING_VERSION = 1.0;
				PRODUCT_BUNDLE_IDENTIFIER = SwiftPackageRepository.LanguageListExample;
				PRODUCT_NAME = LanguageListExample;
				SDKROOT = iphoneos;
				SWIFT_EMIT_LOC_STRINGS = YES;
				SWIFT_VERSION = 5.0;
				TARGETED_DEVICE_FAMILY = "1,2";
			};
			name = Debug;
		};
		15A98FBC27889BBF00EDAED4 /* Release */ = {
			isa = XCBuildConfiguration;
			buildSettings = {
				ASSETCATALOG_COMPILER_APPICON_NAME = AppIcon;
				ASSETCATALOG_COMPILER_GLOBAL_ACCENT_COLOR_NAME = AccentColor;
				CODE_SIGN_STYLE = Automatic;
				CURRENT_PROJECT_VERSION = 1;
				ENABLE_PREVIEWS = YES;
				GENERATE_INFOPLIST_FILE = YES;
				INFOPLIST_FILE = iOS/Info.plist;
				INFOPLIST_KEY_UIApplicationSceneManifest_Generation = YES;
				INFOPLIST_KEY_UIApplicationSupportsIndirectInputEvents = YES;
				INFOPLIST_KEY_UILaunchScreen_Generation = YES;
				INFOPLIST_KEY_UISupportedInterfaceOrientations_iPad = "UIInterfaceOrientationPortrait UIInterfaceOrientationPortraitUpsideDown UIInterfaceOrientationLandscapeLeft UIInterfaceOrientationLandscapeRight";
				INFOPLIST_KEY_UISupportedInterfaceOrientations_iPhone = "UIInterfaceOrientationPortrait UIInterfaceOrientationLandscapeLeft UIInterfaceOrientationLandscapeRight";
				IPHONEOS_DEPLOYMENT_TARGET = 15.2;
				LD_RUNPATH_SEARCH_PATHS = (
					"$(inherited)",
					"@executable_path/Frameworks",
				);
				MARKETING_VERSION = 1.0;
				PRODUCT_BUNDLE_IDENTIFIER = SwiftPackageRepository.LanguageListExample;
				PRODUCT_NAME = LanguageListExample;
				SDKROOT = iphoneos;
				SWIFT_EMIT_LOC_STRINGS = YES;
				SWIFT_VERSION = 5.0;
				TARGETED_DEVICE_FAMILY = "1,2";
				VALIDATE_PRODUCT = YES;
			};
			name = Release;
		};
		15A98FBE27889BBF00EDAED4 /* Debug */ = {
			isa = XCBuildConfiguration;
			buildSettings = {
				ASSETCATALOG_COMPILER_APPICON_NAME = AppIcon;
				ASSETCATALOG_COMPILER_GLOBAL_ACCENT_COLOR_NAME = AccentColor;
				CODE_SIGN_ENTITLEMENTS = macOS/macOS.entitlements;
				CODE_SIGN_STYLE = Automatic;
				COMBINE_HIDPI_IMAGES = YES;
				CURRENT_PROJECT_VERSION = 1;
				ENABLE_PREVIEWS = YES;
				GENERATE_INFOPLIST_FILE = YES;
				INFOPLIST_FILE = macOS/Info.plist;
				INFOPLIST_KEY_NSHumanReadableCopyright = "";
				LD_RUNPATH_SEARCH_PATHS = (
					"$(inherited)",
					"@executable_path/../Frameworks",
				);
				MACOSX_DEPLOYMENT_TARGET = 12.1;
				MARKETING_VERSION = 1.0;
				PRODUCT_BUNDLE_IDENTIFIER = SwiftPackageRepository.LanguageListExample;
				PRODUCT_NAME = LanguageListExample;
				SDKROOT = macosx;
				SWIFT_EMIT_LOC_STRINGS = YES;
				SWIFT_VERSION = 5.0;
			};
			name = Debug;
		};
		15A98FBF27889BBF00EDAED4 /* Release */ = {
			isa = XCBuildConfiguration;
			buildSettings = {
				ASSETCATALOG_COMPILER_APPICON_NAME = AppIcon;
				ASSETCATALOG_COMPILER_GLOBAL_ACCENT_COLOR_NAME = AccentColor;
				CODE_SIGN_ENTITLEMENTS = macOS/macOS.entitlements;
				CODE_SIGN_STYLE = Automatic;
				COMBINE_HIDPI_IMAGES = YES;
				CURRENT_PROJECT_VERSION = 1;
				ENABLE_PREVIEWS = YES;
				GENERATE_INFOPLIST_FILE = YES;
				INFOPLIST_FILE = macOS/Info.plist;
				INFOPLIST_KEY_NSHumanReadableCopyright = "";
				LD_RUNPATH_SEARCH_PATHS = (
					"$(inherited)",
					"@executable_path/../Frameworks",
				);
				MACOSX_DEPLOYMENT_TARGET = 12.1;
				MARKETING_VERSION = 1.0;
				PRODUCT_BUNDLE_IDENTIFIER = SwiftPackageRepository.LanguageListExample;
				PRODUCT_NAME = LanguageListExample;
				SDKROOT = macosx;
				SWIFT_EMIT_LOC_STRINGS = YES;
				SWIFT_VERSION = 5.0;
			};
			name = Release;
		};
/* End XCBuildConfiguration section */

/* Begin XCConfigurationList section */
		15A98FA027889BBD00EDAED4 /* Build configuration list for PBXProject "LanguageListExample" */ = {
			isa = XCConfigurationList;
			buildConfigurations = (
				15A98FB827889BBF00EDAED4 /* Debug */,
				15A98FB927889BBF00EDAED4 /* Release */,
			);
			defaultConfigurationIsVisible = 0;
			defaultConfigurationName = Release;
		};
		15A98FBA27889BBF00EDAED4 /* Build configuration list for PBXNativeTarget "LanguageListExample (iOS)" */ = {
			isa = XCConfigurationList;
			buildConfigurations = (
				15A98FBB27889BBF00EDAED4 /* Debug */,
				15A98FBC27889BBF00EDAED4 /* Release */,
			);
			defaultConfigurationIsVisible = 0;
			defaultConfigurationName = Release;
		};
		15A98FBD27889BBF00EDAED4 /* Build configuration list for PBXNativeTarget "LanguageListExample (macOS)" */ = {
			isa = XCConfigurationList;
			buildConfigurations = (
				15A98FBE27889BBF00EDAED4 /* Debug */,
				15A98FBF27889BBF00EDAED4 /* Release */,
			);
			defaultConfigurationIsVisible = 0;
			defaultConfigurationName = Release;
		};
/* End XCConfigurationList section */

/* Begin XCSwiftPackageProductDependency section */
		15A98FC227889D0800EDAED4 /* LanguageList */ = {
			isa = XCSwiftPackageProductDependency;
			productName = LanguageList;
		};
		15A98FC427889D0C00EDAED4 /* LanguageList */ = {
			isa = XCSwiftPackageProductDependency;
			productName = LanguageList;
		};
/* End XCSwiftPackageProductDependency section */
	};
	rootObject = 15A98F9D27889BBD00EDAED4 /* Project object */;
}
